{
  "nodes": {
    "awesome-freedesktop": {
      "flake": false,
      "locked": {
        "lastModified": 1647461200,
        "narHash": "sha256-xFS1soMdv0Zk+lPQtjgB/VM+xgABXAfCf3y6klTMcLI=",
        "owner": "lcpz",
        "repo": "awesome-freedesktop",
        "rev": "ac9de0eccd9d604f43c82cb03e77f6fd791640ab",
        "type": "github"
      },
      "original": {
        "owner": "lcpz",
        "repo": "awesome-freedesktop",
        "type": "github"
      }
    },
    "awesome-git": {
      "flake": false,
      "locked": {
        "lastModified": 1647882589,
        "narHash": "sha256-EDAL7NnLF2BiVI8DAlEciiZtDmwXOzCPypGTrlN/OoQ=",
        "owner": "awesomewm",
        "repo": "awesome",
        "rev": "c539e0e4350a42f813952fc28dd8490f42d934b3",
        "type": "github"
      },
      "original": {
        "owner": "awesomewm",
        "repo": "awesome",
        "type": "github"
      }
    },
    "awesomerc": {
      "inputs": {
        "awesome-freedesktop": "awesome-freedesktop",
        "lain": "lain"
      },
      "locked": {
        "lastModified": 1651796715,
        "narHash": "sha256-UJ03aOnaprh3JZsHDTREt91TuRHDIU7/HiKWUBHDBPM=",
        "owner": "rafaelrc7",
        "repo": "awesomerc",
        "rev": "0e06a11777a262010aad77399e672c2efa8cc5e3",
        "type": "github"
      },
      "original": {
        "owner": "rafaelrc7",
        "repo": "awesomerc",
        "type": "github"
      }
    },
    "flake-utils": {
      "locked": {
        "lastModified": 1649676176,
        "narHash": "sha256-OWKJratjt2RW151VUlJPRALb7OU2S5s+f0vLj4o1bHM=",
        "owner": "numtide",
        "repo": "flake-utils",
        "rev": "a4b154ebbdc88c8498a5c7b01589addc9e9cb678",
        "type": "github"
      },
      "original": {
        "owner": "numtide",
        "repo": "flake-utils",
        "type": "github"
      }
    },
    "home-manager": {
      "inputs": {
        "nixpkgs": [
          "nixpkgs"
        ]
      },
      "locked": {
        "lastModified": 1651652192,
        "narHash": "sha256-3FUsIJ81p57rOxODRVZ+anhnVav96VWbgNA1H3Np+TY=",
        "owner": "nix-community",
        "repo": "home-manager",
        "rev": "267462dfb36d447421c789a3adf9d460cd09c147",
        "type": "github"
      },
      "original": {
        "owner": "nix-community",
        "repo": "home-manager",
        "type": "github"
      }
    },
    "lain": {
      "flake": false,
      "locked": {
        "lastModified": 1648318275,
        "narHash": "sha256-SjlUbiWdLQrxhNIB7p9JvQGwxwcu/4f9LtwjW+LNu78=",
        "owner": "lcpz",
        "repo": "lain",
        "rev": "0df20e38bbd047c1afea46ab25e8ecf758bb5d45",
        "type": "github"
      },
      "original": {
        "owner": "lcpz",
        "repo": "lain",
        "type": "github"
      }
    },
    "nixos-hardware": {
      "locked": {
        "lastModified": 1650522846,
        "narHash": "sha256-SxWHXRI3qJwswyXAtzsi6PKVY3KLNNnb072KaJthII8=",
        "owner": "nixos",
        "repo": "nixos-hardware",
        "rev": "6b4ebea9093c997c5f275c820e679108de4871ab",
        "type": "github"
      },
      "original": {
        "owner": "nixos",
        "ref": "master",
        "repo": "nixos-hardware",
        "type": "github"
      }
    },
    "nixpkgs": {
      "locked": {
        "lastModified": 0,
        "narHash": "sha256-GNay7yDPtLcRcKCNHldug85AhAvBpTtPEJWSSDYBw8U=",
        "path": "/nix/store/yyddvwq452qsvpgb104mllpq0hkkmsqx-source",
        "type": "path"
      },
      "original": {
        "id": "nixpkgs",
        "type": "indirect"
      }
    },
    "nixpkgs-master": {
      "locked": {
        "lastModified": 1651795600,
        "narHash": "sha256-5N3MJQZmHKHnqOgS1tArmrkV8mReISF2yjxi49gr+M8=",
        "owner": "nixos",
        "repo": "nixpkgs",
        "rev": "2c501af79199ed80e4c853aa2837381a8618cb95",
        "type": "github"
      },
      "original": {
        "owner": "nixos",
        "repo": "nixpkgs",
        "type": "github"
      }
    },
    "nixpkgs-stable": {
      "locked": {
        "lastModified": 1651662302,
        "narHash": "sha256-utlTjLa1s4ezdQIUvnBtmA9TBYFrPlXpAJnCXEiZFZI=",
        "owner": "nixos",
        "repo": "nixpkgs",
        "rev": "dff5496b12817e3d019983827c4b7ba7beb96580",
        "type": "github"
      },
      "original": {
        "owner": "nixos",
        "ref": "nixos-21.11",
        "repo": "nixpkgs",
        "type": "github"
      }
    },
    "nixpkgs-unstable": {
      "locked": {
        "lastModified": 1651726670,
        "narHash": "sha256-dSGdzB49SEvdOJvrQWfQYkAefewXraHIV08Vz6iDXWQ=",
        "owner": "nixos",
        "repo": "nixpkgs",
        "rev": "c777cdf5c564015d5f63b09cc93bef4178b19b01",
        "type": "github"
      },
      "original": {
        "owner": "nixos",
        "ref": "nixos-unstable",
        "repo": "nixpkgs",
        "type": "github"
      }
    },
    "nur": {
      "locked": {
        "lastModified": 1651794827,
        "narHash": "sha256-dP9TrANJ+Hiqq67yKfcKvmlEEh+DxL3wmToFa0QNVcY=",
        "owner": "nix-community",
        "repo": "nur",
        "rev": "872b0d61837a49d34b02a3ff6bfb2ad01d350760",
        "type": "github"
      },
      "original": {
        "owner": "nix-community",
        "repo": "nur",
        "type": "github"
      }
    },
    "nvim-config": {
      "flake": false,
      "locked": {
        "lastModified": 1651082579,
        "narHash": "sha256-/g9mZEz1UWKDIUlSVPZfjxefU1Q4gczNQrOpYEvbVwE=",
        "owner": "rafaelrc7",
        "repo": "nvimrc",
        "rev": "7ab25a664f6704258ee9e39fdc2d08a11effec02",
        "type": "github"
      },
      "original": {
        "owner": "rafaelrc7",
        "repo": "nvimrc",
        "type": "github"
      }
    },
    "root": {
      "inputs": {
        "awesome-git": "awesome-git",
        "awesomerc": "awesomerc",
        "flake-utils": "flake-utils",
        "home-manager": "home-manager",
        "nixos-hardware": "nixos-hardware",
        "nixpkgs": "nixpkgs",
        "nixpkgs-master": "nixpkgs-master",
        "nixpkgs-stable": "nixpkgs-stable",
        "nixpkgs-unstable": "nixpkgs-unstable",
        "nur": "nur",
        "nvim-config": "nvim-config"
      }
    }
  },
  "root": "root",
  "version": 7
}
